
Microsoft Visual Studio Solution File, Format Version 12.00
# Visual Studio 15
VisualStudioVersion = 15.0.28307.705
MinimumVisualStudioVersion = 10.0.40219.1
Project("{FAE04EC0-301F-11D3-BF4B-00C04F79EFBC}") = "AppForGitHubTest", "AppForGitHubTest\AppForGitHubTest.csproj", "{46BD3DBD-E78A-47A5-B90D-31676EE6F953}"
EndProject
Global
	GlobalSection(SolutionConfigurationPlatforms) = preSolution
		Debug|Any CPU = Debug|Any CPU
		Release|Any CPU = Release|Any CPU
	EndGlobalSection
	GlobalSection(ProjectConfigurationPlatforms) = postSolution
		{46BD3DBD-E78A-47A5-B90D-31676EE6F953}.Debug|Any CPU.ActiveCfg = Debug|Any CPU
		{46BD3DBD-E78A-47A5-B90D-31676EE6F953}.Debug|Any CPU.Build.0 = Debug|Any CPU
		{46BD3DBD-E78A-47A5-B90D-31676EE6F953}.Release|Any CPU.ActiveCfg = Release|Any CPU
		{46BD3DBD-E78A-47A5-B90D-31676EE6F953}.Release|Any CPU.Build.0 = Release|Any CPU
	EndGlobalSection
	GlobalSection(SolutionProperties) = preSolution
		HideSolutionNode = FALSE
	EndGlobalSection
	GlobalSection(ExtensibilityGlobals) = postSolution
		SolutionGuid = {5F3EE34C-EE90-4DBD-959D-174C646CCB12}
	EndGlobalSection
EndGlobal
